{
  "object": {
    "pins": [
      {
        "package": "CombineX",
        "repositoryURL": "https://github.com/cx-org/CombineX",
        "state": {
          "branch": "strip-cxshim",
          "revision": "9e73adebedc8b42cc2aa91c0b79df7f948bcd770",
          "version": null
        }
      }
    ]
  },
  "version": 1
}
